
Microsoft Visual Studio Solution File, Format Version 12.00
# Visual Studio Version 16
VisualStudioVersion = 16.0.30114.105
MinimumVisualStudioVersion = 10.0.40219.1
Project("{9A19103F-16F7-4668-BE54-9A1E7A4F7556}") = "Lab4.1", "Lab4.1\Lab4.1.csproj", "{421428C5-ED97-4692-9414-98DC102A0136}"
EndProject
Project("{9A19103F-16F7-4668-BE54-9A1E7A4F7556}") = "Lab4.2", "Lab4.2\Lab4.2.csproj", "{0EC403FC-E797-4A70-A151-67A91900786A}"
EndProject
Project("{9A19103F-16F7-4668-BE54-9A1E7A4F7556}") = "Lab4.Shared", "Lab4.Shared\Lab4.Shared.csproj", "{724A5F88-1322-4F83-8656-2935B599A4E2}"
EndProject
Project("{9A19103F-16F7-4668-BE54-9A1E7A4F7556}") = "Lab4.3", "Lab4.3\Lab4.3.csproj", "{B6CB59E5-F9F5-4941-989A-22E4072C288B}"
EndProject
Project("{FAE04EC0-301F-11D3-BF4B-00C04F79EFBC}") = "Lab4.4", "Lab4.4\Lab4.4.csproj", "{4884514D-4364-4C29-9C85-08D578AEBB3B}"
EndProject
Global
	GlobalSection(SolutionConfigurationPlatforms) = preSolution
		Debug|Any CPU = Debug|Any CPU
		Debug|x64 = Debug|x64
		Debug|x86 = Debug|x86
		Release|Any CPU = Release|Any CPU
		Release|x64 = Release|x64
		Release|x86 = Release|x86
	EndGlobalSection
	GlobalSection(ProjectConfigurationPlatforms) = postSolution
		{421428C5-ED97-4692-9414-98DC102A0136}.Debug|Any CPU.ActiveCfg = Debug|Any CPU
		{421428C5-ED97-4692-9414-98DC102A0136}.Debug|Any CPU.Build.0 = Debug|Any CPU
		{421428C5-ED97-4692-9414-98DC102A0136}.Debug|x64.ActiveCfg = Debug|Any CPU
		{421428C5-ED97-4692-9414-98DC102A0136}.Debug|x64.Build.0 = Debug|Any CPU
		{421428C5-ED97-4692-9414-98DC102A0136}.Debug|x86.ActiveCfg = Debug|Any CPU
		{421428C5-ED97-4692-9414-98DC102A0136}.Debug|x86.Build.0 = Debug|Any CPU
		{421428C5-ED97-4692-9414-98DC102A0136}.Release|Any CPU.ActiveCfg = Release|Any CPU
		{421428C5-ED97-4692-9414-98DC102A0136}.Release|Any CPU.Build.0 = Release|Any CPU
		{421428C5-ED97-4692-9414-98DC102A0136}.Release|x64.ActiveCfg = Release|Any CPU
		{421428C5-ED97-4692-9414-98DC102A0136}.Release|x64.Build.0 = Release|Any CPU
		{421428C5-ED97-4692-9414-98DC102A0136}.Release|x86.ActiveCfg = Release|Any CPU
		{421428C5-ED97-4692-9414-98DC102A0136}.Release|x86.Build.0 = Release|Any CPU
		{0EC403FC-E797-4A70-A151-67A91900786A}.Debug|Any CPU.ActiveCfg = Debug|Any CPU
		{0EC403FC-E797-4A70-A151-67A91900786A}.Debug|Any CPU.Build.0 = Debug|Any CPU
		{0EC403FC-E797-4A70-A151-67A91900786A}.Debug|x64.ActiveCfg = Debug|Any CPU
		{0EC403FC-E797-4A70-A151-67A91900786A}.Debug|x64.Build.0 = Debug|Any CPU
		{0EC403FC-E797-4A70-A151-67A91900786A}.Debug|x86.ActiveCfg = Debug|Any CPU
		{0EC403FC-E797-4A70-A151-67A91900786A}.Debug|x86.Build.0 = Debug|Any CPU
		{0EC403FC-E797-4A70-A151-67A91900786A}.Release|Any CPU.ActiveCfg = Release|Any CPU
		{0EC403FC-E797-4A70-A151-67A91900786A}.Release|Any CPU.Build.0 = Release|Any CPU
		{0EC403FC-E797-4A70-A151-67A91900786A}.Release|x64.ActiveCfg = Release|Any CPU
		{0EC403FC-E797-4A70-A151-67A91900786A}.Release|x64.Build.0 = Release|Any CPU
		{0EC403FC-E797-4A70-A151-67A91900786A}.Release|x86.ActiveCfg = Release|Any CPU
		{0EC403FC-E797-4A70-A151-67A91900786A}.Release|x86.Build.0 = Release|Any CPU
		{724A5F88-1322-4F83-8656-2935B599A4E2}.Debug|Any CPU.ActiveCfg = Debug|Any CPU
		{724A5F88-1322-4F83-8656-2935B599A4E2}.Debug|Any CPU.Build.0 = Debug|Any CPU
		{724A5F88-1322-4F83-8656-2935B599A4E2}.Debug|x64.ActiveCfg = Debug|Any CPU
		{724A5F88-1322-4F83-8656-2935B599A4E2}.Debug|x64.Build.0 = Debug|Any CPU
		{724A5F88-1322-4F83-8656-2935B599A4E2}.Debug|x86.ActiveCfg = Debug|Any CPU
		{724A5F88-1322-4F83-8656-2935B599A4E2}.Debug|x86.Build.0 = Debug|Any CPU
		{724A5F88-1322-4F83-8656-2935B599A4E2}.Release|Any CPU.ActiveCfg = Release|Any CPU
		{724A5F88-1322-4F83-8656-2935B599A4E2}.Release|Any CPU.Build.0 = Release|Any CPU
		{724A5F88-1322-4F83-8656-2935B599A4E2}.Release|x64.ActiveCfg = Release|Any CPU
		{724A5F88-1322-4F83-8656-2935B599A4E2}.Release|x64.Build.0 = Release|Any CPU
		{724A5F88-1322-4F83-8656-2935B599A4E2}.Release|x86.ActiveCfg = Release|Any CPU
		{724A5F88-1322-4F83-8656-2935B599A4E2}.Release|x86.Build.0 = Release|Any CPU
		{B6CB59E5-F9F5-4941-989A-22E4072C288B}.Debug|Any CPU.ActiveCfg = Debug|Any CPU
		{B6CB59E5-F9F5-4941-989A-22E4072C288B}.Debug|Any CPU.Build.0 = Debug|Any CPU
		{B6CB59E5-F9F5-4941-989A-22E4072C288B}.Debug|x64.ActiveCfg = Debug|Any CPU
		{B6CB59E5-F9F5-4941-989A-22E4072C288B}.Debug|x64.Build.0 = Debug|Any CPU
		{B6CB59E5-F9F5-4941-989A-22E4072C288B}.Debug|x86.ActiveCfg = Debug|Any CPU
		{B6CB59E5-F9F5-4941-989A-22E4072C288B}.Debug|x86.Build.0 = Debug|Any CPU
		{B6CB59E5-F9F5-4941-989A-22E4072C288B}.Release|Any CPU.ActiveCfg = Release|Any CPU
		{B6CB59E5-F9F5-4941-989A-22E4072C288B}.Release|Any CPU.Build.0 = Release|Any CPU
		{B6CB59E5-F9F5-4941-989A-22E4072C288B}.Release|x64.ActiveCfg = Release|Any CPU
		{B6CB59E5-F9F5-4941-989A-22E4072C288B}.Release|x64.Build.0 = Release|Any CPU
		{B6CB59E5-F9F5-4941-989A-22E4072C288B}.Release|x86.ActiveCfg = Release|Any CPU
		{B6CB59E5-F9F5-4941-989A-22E4072C288B}.Release|x86.Build.0 = Release|Any CPU
		{4884514D-4364-4C29-9C85-08D578AEBB3B}.Debug|Any CPU.ActiveCfg = Debug|Any CPU
		{4884514D-4364-4C29-9C85-08D578AEBB3B}.Debug|Any CPU.Build.0 = Debug|Any CPU
		{4884514D-4364-4C29-9C85-08D578AEBB3B}.Debug|x64.ActiveCfg = Debug|Any CPU
		{4884514D-4364-4C29-9C85-08D578AEBB3B}.Debug|x64.Build.0 = Debug|Any CPU
		{4884514D-4364-4C29-9C85-08D578AEBB3B}.Debug|x86.ActiveCfg = Debug|Any CPU
		{4884514D-4364-4C29-9C85-08D578AEBB3B}.Debug|x86.Build.0 = Debug|Any CPU
		{4884514D-4364-4C29-9C85-08D578AEBB3B}.Release|Any CPU.ActiveCfg = Release|Any CPU
		{4884514D-4364-4C29-9C85-08D578AEBB3B}.Release|Any CPU.Build.0 = Release|Any CPU
		{4884514D-4364-4C29-9C85-08D578AEBB3B}.Release|x64.ActiveCfg = Release|Any CPU
		{4884514D-4364-4C29-9C85-08D578AEBB3B}.Release|x64.Build.0 = Release|Any CPU
		{4884514D-4364-4C29-9C85-08D578AEBB3B}.Release|x86.ActiveCfg = Release|Any CPU
		{4884514D-4364-4C29-9C85-08D578AEBB3B}.Release|x86.Build.0 = Release|Any CPU
	EndGlobalSection
	GlobalSection(SolutionProperties) = preSolution
		HideSolutionNode = FALSE
	EndGlobalSection
	GlobalSection(ExtensibilityGlobals) = postSolution
		SolutionGuid = {7600E3D0-8371-4E3D-88FF-57EB88C54FFF}
	EndGlobalSection
EndGlobal
